// !$*UTF8*$!
{
	archiveVersion = 1;
	classes = {
	};
	objectVersion = 50;
	objects = {

/* Begin PBXBuildFile section */
		9217FC8640CB161D33A6112F /* Pods_AwesomeShopping.framework in Frameworks */ = {isa = PBXBuildFile; fileRef = 23D734966C421B4C04CBDBCD /* Pods_AwesomeShopping.framework */; };
		CF0A168E22BA4061006E6CED /* UITableView+Deque.swift in Sources */ = {isa = PBXBuildFile; fileRef = CF0A168D22BA4061006E6CED /* UITableView+Deque.swift */; };
		CF146FE622B92599006821A2 /* CategoriesViewModel.swift in Sources */ = {isa = PBXBuildFile; fileRef = CF146FDD22B92599006821A2 /* CategoriesViewModel.swift */; };
		CF146FE722B92599006821A2 /* Category.swift in Sources */ = {isa = PBXBuildFile; fileRef = CF146FDF22B92599006821A2 /* Category.swift */; };
		CF146FE822B92599006821A2 /* CategoriesViewController.swift in Sources */ = {isa = PBXBuildFile; fileRef = CF146FE122B92599006821A2 /* CategoriesViewController.swift */; };
		CF146FE922B92599006821A2 /* CategoryTableViewCell.swift in Sources */ = {isa = PBXBuildFile; fileRef = CF146FE222B92599006821A2 /* CategoryTableViewCell.swift */; };
		CF146FEA22B92599006821A2 /* CategoryDataWorker.swift in Sources */ = {isa = PBXBuildFile; fileRef = CF146FE422B92599006821A2 /* CategoryDataWorker.swift */; };
		CF146FF122B9388E006821A2 /* HomeViewController.swift in Sources */ = {isa = PBXBuildFile; fileRef = CF146FF022B9388E006821A2 /* HomeViewController.swift */; };
		CF146FF522B93DDC006821A2 /* UIViewController+Extension.swift in Sources */ = {isa = PBXBuildFile; fileRef = CF146FF422B93DDC006821A2 /* UIViewController+Extension.swift */; };
		CF19F45622DEB67900D60C21 /* PinterestLayout.swift in Sources */ = {isa = PBXBuildFile; fileRef = CF19F45522DEB67900D60C21 /* PinterestLayout.swift */; };
		CF19F45822DEC6A800D60C21 /* ProductDetailsSectionHeader.swift in Sources */ = {isa = PBXBuildFile; fileRef = CF19F45722DEC6A800D60C21 /* ProductDetailsSectionHeader.swift */; };
		CF19F45A22DEC6C600D60C21 /* ProductDetailsSectionHeader.xib in Resources */ = {isa = PBXBuildFile; fileRef = CF19F45922DEC6C600D60C21 /* ProductDetailsSectionHeader.xib */; };
		CF19F45C22DEDA8B00D60C21 /* UIView+Extension.swift in Sources */ = {isa = PBXBuildFile; fileRef = CF19F45B22DEDA8B00D60C21 /* UIView+Extension.swift */; };
		CF439C3E2320413400317FE8 /* AwesomeShoppingTests.swift in Sources */ = {isa = PBXBuildFile; fileRef = CF439C3D2320413400317FE8 /* AwesomeShoppingTests.swift */; };
		CF5EA2CA22A2FA5700E5FE30 /* AppDelegate.swift in Sources */ = {isa = PBXBuildFile; fileRef = CF5EA2C922A2FA5700E5FE30 /* AppDelegate.swift */; };
		CF5EA2CC22A2FA5700E5FE30 /* ViewController.swift in Sources */ = {isa = PBXBuildFile; fileRef = CF5EA2CB22A2FA5700E5FE30 /* ViewController.swift */; };
		CF5EA2CF22A2FA5700E5FE30 /* Home.storyboard in Resources */ = {isa = PBXBuildFile; fileRef = CF5EA2CD22A2FA5700E5FE30 /* Home.storyboard */; };
		CF5EA2D122A2FA5800E5FE30 /* Assets.xcassets in Resources */ = {isa = PBXBuildFile; fileRef = CF5EA2D022A2FA5800E5FE30 /* Assets.xcassets */; };
		CF5EA2D422A2FA5800E5FE30 /* LaunchScreen.storyboard in Resources */ = {isa = PBXBuildFile; fileRef = CF5EA2D222A2FA5800E5FE30 /* LaunchScreen.storyboard */; };
		CFEFFD6422BA8AEB003CC2A0 /* UICollectionView+Deque.swift in Sources */ = {isa = PBXBuildFile; fileRef = CFEFFD6322BA8AEB003CC2A0 /* UICollectionView+Deque.swift */; };
		CFEFFDA422BAEDF2003CC2A0 /* ProductListViewModel.swift in Sources */ = {isa = PBXBuildFile; fileRef = CFEFFD8922BAEDF2003CC2A0 /* ProductListViewModel.swift */; };
		CFEFFDA522BAEDF2003CC2A0 /* BestSeller.swift in Sources */ = {isa = PBXBuildFile; fileRef = CFEFFD8B22BAEDF2003CC2A0 /* BestSeller.swift */; };
		CFEFFDA622BAEDF2003CC2A0 /* SectionProduct.swift in Sources */ = {isa = PBXBuildFile; fileRef = CFEFFD8C22BAEDF2003CC2A0 /* SectionProduct.swift */; };
		CFEFFDA722BAEDF2003CC2A0 /* Section.swift in Sources */ = {isa = PBXBuildFile; fileRef = CFEFFD8D22BAEDF2003CC2A0 /* Section.swift */; };
		CFEFFDA822BAEDF2003CC2A0 /* SectionItems.plist in Resources */ = {isa = PBXBuildFile; fileRef = CFEFFD8F22BAEDF2003CC2A0 /* SectionItems.plist */; };
		CFEFFDA922BAEDF2003CC2A0 /* BestSellers.plist in Resources */ = {isa = PBXBuildFile; fileRef = CFEFFD9022BAEDF2003CC2A0 /* BestSellers.plist */; };
		CFEFFDAA22BAEDF2003CC2A0 /* ProductsViewController.swift in Sources */ = {isa = PBXBuildFile; fileRef = CFEFFD9222BAEDF2003CC2A0 /* ProductsViewController.swift */; };
		CFEFFDAC22BAEDF2003CC2A0 /* ProductsGridTableViewCell.swift in Sources */ = {isa = PBXBuildFile; fileRef = CFEFFD9522BAEDF2003CC2A0 /* ProductsGridTableViewCell.swift */; };
		CFEFFDAD22BAEDF2003CC2A0 /* ProductCollectionViewCell.swift in Sources */ = {isa = PBXBuildFile; fileRef = CFEFFD9622BAEDF2003CC2A0 /* ProductCollectionViewCell.swift */; };
		CFEFFDAE22BAEDF2003CC2A0 /* CollapsibleTableViewHeader.xib in Resources */ = {isa = PBXBuildFile; fileRef = CFEFFD9822BAEDF2003CC2A0 /* CollapsibleTableViewHeader.xib */; };
		CFEFFDAF22BAEDF2003CC2A0 /* CollapsibleTableViewHeader.swift in Sources */ = {isa = PBXBuildFile; fileRef = CFEFFD9922BAEDF2003CC2A0 /* CollapsibleTableViewHeader.swift */; };
		CFEFFDB022BAEDF2003CC2A0 /* BestSellersTableViewCell.swift in Sources */ = {isa = PBXBuildFile; fileRef = CFEFFD9B22BAEDF2003CC2A0 /* BestSellersTableViewCell.swift */; };
		CFEFFDB122BAEDF2003CC2A0 /* BestSellerTableViewSectionHeader.xib in Resources */ = {isa = PBXBuildFile; fileRef = CFEFFD9C22BAEDF2003CC2A0 /* BestSellerTableViewSectionHeader.xib */; };
		CFEFFDB222BAEDF2003CC2A0 /* BestSellerItemTableViewCell.swift in Sources */ = {isa = PBXBuildFile; fileRef = CFEFFD9D22BAEDF2003CC2A0 /* BestSellerItemTableViewCell.swift */; };
		CFEFFDB322BAEDF2003CC2A0 /* BestSellersTableView.xib in Resources */ = {isa = PBXBuildFile; fileRef = CFEFFD9E22BAEDF2003CC2A0 /* BestSellersTableView.xib */; };
		CFEFFDB422BAEDF2003CC2A0 /* BestSellersTableView.swift in Sources */ = {isa = PBXBuildFile; fileRef = CFEFFD9F22BAEDF2003CC2A0 /* BestSellersTableView.swift */; };
		CFEFFDB522BAEDF2003CC2A0 /* BestSellerTableViewSectionHeader.swift in Sources */ = {isa = PBXBuildFile; fileRef = CFEFFDA022BAEDF2003CC2A0 /* BestSellerTableViewSectionHeader.swift */; };
		CFEFFDB622BAEDF2003CC2A0 /* BestSellerItemTableViewCell.xib in Resources */ = {isa = PBXBuildFile; fileRef = CFEFFDA122BAEDF2003CC2A0 /* BestSellerItemTableViewCell.xib */; };
		CFEFFDB722BAEDF2003CC2A0 /* ProductDataWorker.swift in Sources */ = {isa = PBXBuildFile; fileRef = CFEFFDA322BAEDF2003CC2A0 /* ProductDataWorker.swift */; };
		CFEFFDBB22BAEE57003CC2A0 /* CategoryHeader.swift in Sources */ = {isa = PBXBuildFile; fileRef = CFEFFDB922BAEE57003CC2A0 /* CategoryHeader.swift */; };
		CFEFFDBC22BAEE57003CC2A0 /* CategoryHeader.xib in Resources */ = {isa = PBXBuildFile; fileRef = CFEFFDBA22BAEE57003CC2A0 /* CategoryHeader.xib */; };
		CFEFFDBF22BAEEFE003CC2A0 /* Categories.plist in Resources */ = {isa = PBXBuildFile; fileRef = CFEFFDBE22BAEEFE003CC2A0 /* Categories.plist */; };
		CFEFFDC122BAF144003CC2A0 /* Reusable.swift in Sources */ = {isa = PBXBuildFile; fileRef = CFEFFDC022BAF144003CC2A0 /* Reusable.swift */; };
		CFEFFDC422BAF298003CC2A0 /* ProductsGridSuplimentaryView.swift in Sources */ = {isa = PBXBuildFile; fileRef = CFEFFDC222BAF298003CC2A0 /* ProductsGridSuplimentaryView.swift */; };
		CFFF79DB22DCBE4C00093464 /* ProductDetailsViewController.swift in Sources */ = {isa = PBXBuildFile; fileRef = CFFF79DA22DCBE4C00093464 /* ProductDetailsViewController.swift */; };
		CFFF79DD22DCBE9200093464 /* ProductDetails.swift in Sources */ = {isa = PBXBuildFile; fileRef = CFFF79DC22DCBE9200093464 /* ProductDetails.swift */; };
		CFFF79E022DCC81500093464 /* RelatedProducts.plist in Resources */ = {isa = PBXBuildFile; fileRef = CFFF79DF22DCC81500093464 /* RelatedProducts.plist */; };
		CFFF79E222DCCD7400093464 /* ProductReviewsTableViewCell.swift in Sources */ = {isa = PBXBuildFile; fileRef = CFFF79E122DCCD7400093464 /* ProductReviewsTableViewCell.swift */; };
		CFFF79E422DCCD9A00093464 /* RelatedProductsContainerTableViewCell.swift in Sources */ = {isa = PBXBuildFile; fileRef = CFFF79E322DCCD9A00093464 /* RelatedProductsContainerTableViewCell.swift */; };
		CFFF79E622DCCE0600093464 /* ProductDetailsViewModel.swift in Sources */ = {isa = PBXBuildFile; fileRef = CFFF79E522DCCE0600093464 /* ProductDetailsViewModel.swift */; };
		CFFF79E822DCCE8F00093464 /* ProductReview.swift in Sources */ = {isa = PBXBuildFile; fileRef = CFFF79E722DCCE8F00093464 /* ProductReview.swift */; };
		CFFF79EA22DCD03400093464 /* ProductDetailsDataWorker.swift in Sources */ = {isa = PBXBuildFile; fileRef = CFFF79E922DCD03400093464 /* ProductDetailsDataWorker.swift */; };
		CFFF79EE22DCEDFD00093464 /* ProductReviewView.swift in Sources */ = {isa = PBXBuildFile; fileRef = CFFF79ED22DCEDFD00093464 /* ProductReviewView.swift */; };
		CFFF79F022DCEE0C00093464 /* ProductReviewView.xib in Resources */ = {isa = PBXBuildFile; fileRef = CFFF79EF22DCEE0C00093464 /* ProductReviewView.xib */; };
		CFFF79FD22DE19A800093464 /* ProductReviews.plist in Resources */ = {isa = PBXBuildFile; fileRef = CFFF79FC22DE19A800093464 /* ProductReviews.plist */; };
		CFFF7A0122DE235900093464 /* RelatedProductCollectionViewCell.swift in Sources */ = {isa = PBXBuildFile; fileRef = CFFF7A0022DE235900093464 /* RelatedProductCollectionViewCell.swift */; };
		CFFF7A0522DE279900093464 /* RelatedProductItem.swift in Sources */ = {isa = PBXBuildFile; fileRef = CFFF7A0422DE279900093464 /* RelatedProductItem.swift */; };
/* End PBXBuildFile section */

/* Begin PBXContainerItemProxy section */
		CF439C402320413400317FE8 /* PBXContainerItemProxy */ = {
			isa = PBXContainerItemProxy;
			containerPortal = CF5EA2BE22A2FA5700E5FE30 /* Project object */;
			proxyType = 1;
			remoteGlobalIDString = CF5EA2C522A2FA5700E5FE30;
			remoteInfo = AwesomeShopping;
		};
/* End PBXContainerItemProxy section */

/* Begin PBXFileReference section */
		0AD0D4CD44B65261D23916D5 /* Pods-AwesomeShopping.debug.xcconfig */ = {isa = PBXFileReference; includeInIndex = 1; lastKnownFileType = text.xcconfig; name = "Pods-AwesomeShopping.debug.xcconfig"; path = "Pods/Target Support Files/Pods-AwesomeShopping/Pods-AwesomeShopping.debug.xcconfig"; sourceTree = "<group>"; };
		23D734966C421B4C04CBDBCD /* Pods_AwesomeShopping.framework */ = {isa = PBXFileReference; explicitFileType = wrapper.framework; includeInIndex = 0; path = Pods_AwesomeShopping.framework; sourceTree = BUILT_PRODUCTS_DIR; };
		5881638DF281375830735C28 /* Pods-AwesomeShopping.release.xcconfig */ = {isa = PBXFileReference; includeInIndex = 1; lastKnownFileType = text.xcconfig; name = "Pods-AwesomeShopping.release.xcconfig"; path = "Pods/Target Support Files/Pods-AwesomeShopping/Pods-AwesomeShopping.release.xcconfig"; sourceTree = "<group>"; };
		CF0A168D22BA4061006E6CED /* UITableView+Deque.swift */ = {isa = PBXFileReference; lastKnownFileType = sourcecode.swift; path = "UITableView+Deque.swift"; sourceTree = "<group>"; };
		CF146FDD22B92599006821A2 /* CategoriesViewModel.swift */ = {isa = PBXFileReference; fileEncoding = 4; lastKnownFileType = sourcecode.swift; path = CategoriesViewModel.swift; sourceTree = "<group>"; };
		CF146FDF22B92599006821A2 /* Category.swift */ = {isa = PBXFileReference; fileEncoding = 4; lastKnownFileType = sourcecode.swift; path = Category.swift; sourceTree = "<group>"; };
		CF146FE122B92599006821A2 /* CategoriesViewController.swift */ = {isa = PBXFileReference; fileEncoding = 4; lastKnownFileType = sourcecode.swift; path = CategoriesViewController.swift; sourceTree = "<group>"; };
		CF146FE222B92599006821A2 /* CategoryTableViewCell.swift */ = {isa = PBXFileReference; fileEncoding = 4; lastKnownFileType = sourcecode.swift; path = CategoryTableViewCell.swift; sourceTree = "<group>"; };
		CF146FE422B92599006821A2 /* CategoryDataWorker.swift */ = {isa = PBXFileReference; fileEncoding = 4; lastKnownFileType = sourcecode.swift; path = CategoryDataWorker.swift; sourceTree = "<group>"; };
		CF146FF022B9388E006821A2 /* HomeViewController.swift */ = {isa = PBXFileReference; lastKnownFileType = sourcecode.swift; path = HomeViewController.swift; sourceTree = "<group>"; };
		CF146FF422B93DDC006821A2 /* UIViewController+Extension.swift */ = {isa = PBXFileReference; lastKnownFileType = sourcecode.swift; path = "UIViewController+Extension.swift"; sourceTree = "<group>"; };
		CF19F45522DEB67900D60C21 /* PinterestLayout.swift */ = {isa = PBXFileReference; fileEncoding = 4; lastKnownFileType = sourcecode.swift; path = PinterestLayout.swift; sourceTree = "<group>"; };
		CF19F45722DEC6A800D60C21 /* ProductDetailsSectionHeader.swift */ = {isa = PBXFileReference; lastKnownFileType = sourcecode.swift; path = ProductDetailsSectionHeader.swift; sourceTree = "<group>"; };
		CF19F45922DEC6C600D60C21 /* ProductDetailsSectionHeader.xib */ = {isa = PBXFileReference; lastKnownFileType = file.xib; path = ProductDetailsSectionHeader.xib; sourceTree = "<group>"; };
		CF19F45B22DEDA8B00D60C21 /* UIView+Extension.swift */ = {isa = PBXFileReference; lastKnownFileType = sourcecode.swift; path = "UIView+Extension.swift"; sourceTree = "<group>"; };
		CF439C3B2320413400317FE8 /* AwesomeShoppingTests.xctest */ = {isa = PBXFileReference; explicitFileType = wrapper.cfbundle; includeInIndex = 0; path = AwesomeShoppingTests.xctest; sourceTree = BUILT_PRODUCTS_DIR; };
		CF439C3D2320413400317FE8 /* AwesomeShoppingTests.swift */ = {isa = PBXFileReference; lastKnownFileType = sourcecode.swift; path = AwesomeShoppingTests.swift; sourceTree = "<group>"; };
		CF439C3F2320413400317FE8 /* Info.plist */ = {isa = PBXFileReference; lastKnownFileType = text.plist.xml; path = Info.plist; sourceTree = "<group>"; };
		CF5EA2C622A2FA5700E5FE30 /* AwesomeShopping.app */ = {isa = PBXFileReference; explicitFileType = wrapper.application; includeInIndex = 0; path = AwesomeShopping.app; sourceTree = BUILT_PRODUCTS_DIR; };
		CF5EA2C922A2FA5700E5FE30 /* AppDelegate.swift */ = {isa = PBXFileReference; lastKnownFileType = sourcecode.swift; path = AppDelegate.swift; sourceTree = "<group>"; };
		CF5EA2CB22A2FA5700E5FE30 /* ViewController.swift */ = {isa = PBXFileReference; lastKnownFileType = sourcecode.swift; path = ViewController.swift; sourceTree = "<group>"; };
		CF5EA2CE22A2FA5700E5FE30 /* Base */ = {isa = PBXFileReference; lastKnownFileType = file.storyboard; name = Base; path = Base.lproj/Home.storyboard; sourceTree = "<group>"; };
		CF5EA2D022A2FA5800E5FE30 /* Assets.xcassets */ = {isa = PBXFileReference; lastKnownFileType = folder.assetcatalog; path = Assets.xcassets; sourceTree = "<group>"; };
		CF5EA2D322A2FA5800E5FE30 /* Base */ = {isa = PBXFileReference; lastKnownFileType = file.storyboard; name = Base; path = Base.lproj/LaunchScreen.storyboard; sourceTree = "<group>"; };
		CF5EA2D522A2FA5800E5FE30 /* Info.plist */ = {isa = PBXFileReference; lastKnownFileType = text.plist.xml; path = Info.plist; sourceTree = "<group>"; };
		CFEFFD6322BA8AEB003CC2A0 /* UICollectionView+Deque.swift */ = {isa = PBXFileReference; lastKnownFileType = sourcecode.swift; path = "UICollectionView+Deque.swift"; sourceTree = "<group>"; };
		CFEFFD8922BAEDF2003CC2A0 /* ProductListViewModel.swift */ = {isa = PBXFileReference; fileEncoding = 4; lastKnownFileType = sourcecode.swift; path = ProductListViewModel.swift; sourceTree = "<group>"; };
		CFEFFD8B22BAEDF2003CC2A0 /* BestSeller.swift */ = {isa = PBXFileReference; fileEncoding = 4; lastKnownFileType = sourcecode.swift; path = BestSeller.swift; sourceTree = "<group>"; };
		CFEFFD8C22BAEDF2003CC2A0 /* SectionProduct.swift */ = {isa = PBXFileReference; fileEncoding = 4; lastKnownFileType = sourcecode.swift; path = SectionProduct.swift; sourceTree = "<group>"; };
		CFEFFD8D22BAEDF2003CC2A0 /* Section.swift */ = {isa = PBXFileReference; fileEncoding = 4; lastKnownFileType = sourcecode.swift; path = Section.swift; sourceTree = "<group>"; };
		CFEFFD8F22BAEDF2003CC2A0 /* SectionItems.plist */ = {isa = PBXFileReference; fileEncoding = 4; lastKnownFileType = text.plist.xml; path = SectionItems.plist; sourceTree = "<group>"; };
		CFEFFD9022BAEDF2003CC2A0 /* BestSellers.plist */ = {isa = PBXFileReference; fileEncoding = 4; lastKnownFileType = text.plist.xml; path = BestSellers.plist; sourceTree = "<group>"; };
		CFEFFD9222BAEDF2003CC2A0 /* ProductsViewController.swift */ = {isa = PBXFileReference; fileEncoding = 4; lastKnownFileType = sourcecode.swift; path = ProductsViewController.swift; sourceTree = "<group>"; };
		CFEFFD9522BAEDF2003CC2A0 /* ProductsGridTableViewCell.swift */ = {isa = PBXFileReference; fileEncoding = 4; lastKnownFileType = sourcecode.swift; path = ProductsGridTableViewCell.swift; sourceTree = "<group>"; };
		CFEFFD9622BAEDF2003CC2A0 /* ProductCollectionViewCell.swift */ = {isa = PBXFileReference; fileEncoding = 4; lastKnownFileType = sourcecode.swift; path = ProductCollectionViewCell.swift; sourceTree = "<group>"; };
		CFEFFD9822BAEDF2003CC2A0 /* CollapsibleTableViewHeader.xib */ = {isa = PBXFileReference; fileEncoding = 4; lastKnownFileType = file.xib; path = CollapsibleTableViewHeader.xib; sourceTree = "<group>"; };
		CFEFFD9922BAEDF2003CC2A0 /* CollapsibleTableViewHeader.swift */ = {isa = PBXFileReference; fileEncoding = 4; lastKnownFileType = sourcecode.swift; path = CollapsibleTableViewHeader.swift; sourceTree = "<group>"; };
		CFEFFD9B22BAEDF2003CC2A0 /* BestSellersTableViewCell.swift */ = {isa = PBXFileReference; fileEncoding = 4; lastKnownFileType = sourcecode.swift; path = BestSellersTableViewCell.swift; sourceTree = "<group>"; };
		CFEFFD9C22BAEDF2003CC2A0 /* BestSellerTableViewSectionHeader.xib */ = {isa = PBXFileReference; fileEncoding = 4; lastKnownFileType = file.xib; path = BestSellerTableViewSectionHeader.xib; sourceTree = "<group>"; };
		CFEFFD9D22BAEDF2003CC2A0 /* BestSellerItemTableViewCell.swift */ = {isa = PBXFileReference; fileEncoding = 4; lastKnownFileType = sourcecode.swift; path = BestSellerItemTableViewCell.swift; sourceTree = "<group>"; };
		CFEFFD9E22BAEDF2003CC2A0 /* BestSellersTableView.xib */ = {isa = PBXFileReference; fileEncoding = 4; lastKnownFileType = file.xib; path = BestSellersTableView.xib; sourceTree = "<group>"; };
		CFEFFD9F22BAEDF2003CC2A0 /* BestSellersTableView.swift */ = {isa = PBXFileReference; fileEncoding = 4; lastKnownFileType = sourcecode.swift; path = BestSellersTableView.swift; sourceTree = "<group>"; };
		CFEFFDA022BAEDF2003CC2A0 /* BestSellerTableViewSectionHeader.swift */ = {isa = PBXFileReference; fileEncoding = 4; lastKnownFileType = sourcecode.swift; path = BestSellerTableViewSectionHeader.swift; sourceTree = "<group>"; };
		CFEFFDA122BAEDF2003CC2A0 /* BestSellerItemTableViewCell.xib */ = {isa = PBXFileReference; fileEncoding = 4; lastKnownFileType = file.xib; path = BestSellerItemTableViewCell.xib; sourceTree = "<group>"; };
		CFEFFDA322BAEDF2003CC2A0 /* ProductDataWorker.swift */ = {isa = PBXFileReference; fileEncoding = 4; lastKnownFileType = sourcecode.swift; path = ProductDataWorker.swift; sourceTree = "<group>"; };
		CFEFFDB922BAEE57003CC2A0 /* CategoryHeader.swift */ = {isa = PBXFileReference; fileEncoding = 4; lastKnownFileType = sourcecode.swift; path = CategoryHeader.swift; sourceTree = "<group>"; };
		CFEFFDBA22BAEE57003CC2A0 /* CategoryHeader.xib */ = {isa = PBXFileReference; fileEncoding = 4; lastKnownFileType = file.xib; path = CategoryHeader.xib; sourceTree = "<group>"; };
		CFEFFDBE22BAEEFE003CC2A0 /* Categories.plist */ = {isa = PBXFileReference; fileEncoding = 4; lastKnownFileType = text.plist.xml; path = Categories.plist; sourceTree = "<group>"; };
		CFEFFDC022BAF144003CC2A0 /* Reusable.swift */ = {isa = PBXFileReference; fileEncoding = 4; lastKnownFileType = sourcecode.swift; path = Reusable.swift; sourceTree = "<group>"; };
		CFEFFDC222BAF298003CC2A0 /* ProductsGridSuplimentaryView.swift */ = {isa = PBXFileReference; lastKnownFileType = sourcecode.swift; path = ProductsGridSuplimentaryView.swift; sourceTree = "<group>"; };
		CFEFFDC622BAF911003CC2A0 /* README.md */ = {isa = PBXFileReference; lastKnownFileType = net.daringfireball.markdown; path = README.md; sourceTree = "<group>"; };
		CFFF79DA22DCBE4C00093464 /* ProductDetailsViewController.swift */ = {isa = PBXFileReference; lastKnownFileType = sourcecode.swift; path = ProductDetailsViewController.swift; sourceTree = "<group>"; };
		CFFF79DC22DCBE9200093464 /* ProductDetails.swift */ = {isa = PBXFileReference; lastKnownFileType = sourcecode.swift; path = ProductDetails.swift; sourceTree = "<group>"; };
		CFFF79DF22DCC81500093464 /* RelatedProducts.plist */ = {isa = PBXFileReference; fileEncoding = 4; lastKnownFileType = text.plist.xml; path = RelatedProducts.plist; sourceTree = "<group>"; };
		CFFF79E122DCCD7400093464 /* ProductReviewsTableViewCell.swift */ = {isa = PBXFileReference; lastKnownFileType = sourcecode.swift; path = ProductReviewsTableViewCell.swift; sourceTree = "<group>"; };
		CFFF79E322DCCD9A00093464 /* RelatedProductsContainerTableViewCell.swift */ = {isa = PBXFileReference; lastKnownFileType = sourcecode.swift; path = RelatedProductsContainerTableViewCell.swift; sourceTree = "<group>"; };
		CFFF79E522DCCE0600093464 /* ProductDetailsViewModel.swift */ = {isa = PBXFileReference; lastKnownFileType = sourcecode.swift; path = ProductDetailsViewModel.swift; sourceTree = "<group>"; };
		CFFF79E722DCCE8F00093464 /* ProductReview.swift */ = {isa = PBXFileReference; lastKnownFileType = sourcecode.swift; path = ProductReview.swift; sourceTree = "<group>"; };
		CFFF79E922DCD03400093464 /* ProductDetailsDataWorker.swift */ = {isa = PBXFileReference; lastKnownFileType = sourcecode.swift; path = ProductDetailsDataWorker.swift; sourceTree = "<group>"; };
		CFFF79ED22DCEDFD00093464 /* ProductReviewView.swift */ = {isa = PBXFileReference; lastKnownFileType = sourcecode.swift; path = ProductReviewView.swift; sourceTree = "<group>"; };
		CFFF79EF22DCEE0C00093464 /* ProductReviewView.xib */ = {isa = PBXFileReference; lastKnownFileType = file.xib; path = ProductReviewView.xib; sourceTree = "<group>"; };
		CFFF79FC22DE19A800093464 /* ProductReviews.plist */ = {isa = PBXFileReference; fileEncoding = 4; lastKnownFileType = text.plist.xml; path = ProductReviews.plist; sourceTree = "<group>"; };
		CFFF7A0022DE235900093464 /* RelatedProductCollectionViewCell.swift */ = {isa = PBXFileReference; lastKnownFileType = sourcecode.swift; path = RelatedProductCollectionViewCell.swift; sourceTree = "<group>"; };
		CFFF7A0422DE279900093464 /* RelatedProductItem.swift */ = {isa = PBXFileReference; fileEncoding = 4; lastKnownFileType = sourcecode.swift; path = RelatedProductItem.swift; sourceTree = "<group>"; };
/* End PBXFileReference section */

/* Begin PBXFrameworksBuildPhase section */
		CF439C382320413400317FE8 /* Frameworks */ = {
			isa = PBXFrameworksBuildPhase;
			buildActionMask = 2147483647;
			files = (
			);
			runOnlyForDeploymentPostprocessing = 0;
		};
		CF5EA2C322A2FA5700E5FE30 /* Frameworks */ = {
			isa = PBXFrameworksBuildPhase;
			buildActionMask = 2147483647;
			files = (
				9217FC8640CB161D33A6112F /* Pods_AwesomeShopping.framework in Frameworks */,
			);
			runOnlyForDeploymentPostprocessing = 0;
		};
/* End PBXFrameworksBuildPhase section */

/* Begin PBXGroup section */
		525374B347D4548AB03BE5FC /* Frameworks */ = {
			isa = PBXGroup;
			children = (
				23D734966C421B4C04CBDBCD /* Pods_AwesomeShopping.framework */,
			);
			name = Frameworks;
			sourceTree = "<group>";
		};
		6CE4D1F030204963819EB337 /* Pods */ = {
			isa = PBXGroup;
			children = (
				0AD0D4CD44B65261D23916D5 /* Pods-AwesomeShopping.debug.xcconfig */,
				5881638DF281375830735C28 /* Pods-AwesomeShopping.release.xcconfig */,
			);
			name = Pods;
			sourceTree = "<group>";
		};
		CF146FDB22B92599006821A2 /* Categories */ = {
			isa = PBXGroup;
			children = (
				CF146FE022B92599006821A2 /* View */,
				CF146FDC22B92599006821A2 /* ViewModel */,
				CF146FDE22B92599006821A2 /* Entity */,
				CF146FE322B92599006821A2 /* Workers */,
				CFEFFDBD22BAEEFE003CC2A0 /* Resources */,
			);
			path = Categories;
			sourceTree = "<group>";
		};
		CF146FDC22B92599006821A2 /* ViewModel */ = {
			isa = PBXGroup;
			children = (
				CF146FDD22B92599006821A2 /* CategoriesViewModel.swift */,
			);
			path = ViewModel;
			sourceTree = "<group>";
		};
		CF146FDE22B92599006821A2 /* Entity */ = {
			isa = PBXGroup;
			children = (
				CF146FDF22B92599006821A2 /* Category.swift */,
			);
			path = Entity;
			sourceTree = "<group>";
		};
		CF146FE022B92599006821A2 /* View */ = {
			isa = PBXGroup;
			children = (
				CF146FE122B92599006821A2 /* CategoriesViewController.swift */,
				CF146FE222B92599006821A2 /* CategoryTableViewCell.swift */,
			);
			path = View;
			sourceTree = "<group>";
		};
		CF146FE322B92599006821A2 /* Workers */ = {
			isa = PBXGroup;
			children = (
				CF146FE422B92599006821A2 /* CategoryDataWorker.swift */,
			);
			path = Workers;
			sourceTree = "<group>";
		};
		CF146FF222B93D94006821A2 /* Helpers */ = {
			isa = PBXGroup;
			children = (
				CF19F45522DEB67900D60C21 /* PinterestLayout.swift */,
				CFEFFDC022BAF144003CC2A0 /* Reusable.swift */,
				CF146FF322B93DC2006821A2 /* Extensions */,
			);
			path = Helpers;
			sourceTree = "<group>";
		};
		CF146FF322B93DC2006821A2 /* Extensions */ = {
			isa = PBXGroup;
			children = (
				CF146FF422B93DDC006821A2 /* UIViewController+Extension.swift */,
				CF0A168D22BA4061006E6CED /* UITableView+Deque.swift */,
				CFEFFD6322BA8AEB003CC2A0 /* UICollectionView+Deque.swift */,
				CF19F45B22DEDA8B00D60C21 /* UIView+Extension.swift */,
			);
			path = Extensions;
			sourceTree = "<group>";
		};
		CF439C3C2320413400317FE8 /* AwesomeShoppingTests */ = {
			isa = PBXGroup;
			children = (
				CF439C3D2320413400317FE8 /* AwesomeShoppingTests.swift */,
				CF439C3F2320413400317FE8 /* Info.plist */,
			);
			path = AwesomeShoppingTests;
			sourceTree = "<group>";
		};
		CF5EA2BD22A2FA5600E5FE30 = {
			isa = PBXGroup;
			children = (
				CFEFFDC622BAF911003CC2A0 /* README.md */,
				CF5EA2C822A2FA5700E5FE30 /* AwesomeShopping */,
				CF439C3C2320413400317FE8 /* AwesomeShoppingTests */,
				CF5EA2C722A2FA5700E5FE30 /* Products */,
				6CE4D1F030204963819EB337 /* Pods */,
				525374B347D4548AB03BE5FC /* Frameworks */,
			);
			sourceTree = "<group>";
		};
		CF5EA2C722A2FA5700E5FE30 /* Products */ = {
			isa = PBXGroup;
			children = (
				CF5EA2C622A2FA5700E5FE30 /* AwesomeShopping.app */,
				CF439C3B2320413400317FE8 /* AwesomeShoppingTests.xctest */,
			);
			name = Products;
			sourceTree = "<group>";
		};
		CF5EA2C822A2FA5700E5FE30 /* AwesomeShopping */ = {
			isa = PBXGroup;
			children = (
				CF146FF222B93D94006821A2 /* Helpers */,
				CF5EA2DB22A2FBC800E5FE30 /* Scenes */,
				CF5EA2C922A2FA5700E5FE30 /* AppDelegate.swift */,
				CF5EA2CB22A2FA5700E5FE30 /* ViewController.swift */,
				CF5EA2CD22A2FA5700E5FE30 /* Home.storyboard */,
				CF5EA2D022A2FA5800E5FE30 /* Assets.xcassets */,
				CF5EA2D222A2FA5800E5FE30 /* LaunchScreen.storyboard */,
				CF5EA2D522A2FA5800E5FE30 /* Info.plist */,
			);
			path = AwesomeShopping;
			sourceTree = "<group>";
		};
		CF5EA2DB22A2FBC800E5FE30 /* Scenes */ = {
			isa = PBXGroup;
			children = (
				CF5EA2DC22A2FBC800E5FE30 /* Home */,
				CF146FDB22B92599006821A2 /* Categories */,
				CFEFFD8722BAEDF2003CC2A0 /* Products */,
			);
			path = Scenes;
			sourceTree = "<group>";
		};
		CF5EA2DC22A2FBC800E5FE30 /* Home */ = {
			isa = PBXGroup;
			children = (
				CF146FF022B9388E006821A2 /* HomeViewController.swift */,
			);
			path = Home;
			sourceTree = "<group>";
		};
		CFEFFD8722BAEDF2003CC2A0 /* Products */ = {
			isa = PBXGroup;
			children = (
				CFFF79D522DCBDE100093464 /* ProductDetails */,
				CFEFFD9122BAEDF2003CC2A0 /* View */,
				CFEFFD8822BAEDF2003CC2A0 /* ViewModel */,
				CFEFFD8A22BAEDF2003CC2A0 /* Entity */,
				CFEFFDA222BAEDF2003CC2A0 /* Worker */,
				CFEFFD8E22BAEDF2003CC2A0 /* Resources */,
			);
			path = Products;
			sourceTree = "<group>";
		};
		CFEFFD8822BAEDF2003CC2A0 /* ViewModel */ = {
			isa = PBXGroup;
			children = (
				CFEFFD8922BAEDF2003CC2A0 /* ProductListViewModel.swift */,
			);
			path = ViewModel;
			sourceTree = "<group>";
		};
		CFEFFD8A22BAEDF2003CC2A0 /* Entity */ = {
			isa = PBXGroup;
			children = (
				CFEFFD8B22BAEDF2003CC2A0 /* BestSeller.swift */,
				CFEFFD8C22BAEDF2003CC2A0 /* SectionProduct.swift */,
				CFEFFD8D22BAEDF2003CC2A0 /* Section.swift */,
			);
			path = Entity;
			sourceTree = "<group>";
		};
		CFEFFD8E22BAEDF2003CC2A0 /* Resources */ = {
			isa = PBXGroup;
			children = (
				CFEFFD8F22BAEDF2003CC2A0 /* SectionItems.plist */,
				CFEFFD9022BAEDF2003CC2A0 /* BestSellers.plist */,
			);
			path = Resources;
			sourceTree = "<group>";
		};
		CFEFFD9122BAEDF2003CC2A0 /* View */ = {
			isa = PBXGroup;
			children = (
				CFEFFD9A22BAEDF2003CC2A0 /* BestSeller */,
				CFEFFD9422BAEDF2003CC2A0 /* ProductGrid */,
				CFEFFD9722BAEDF2003CC2A0 /* CollapsableHeader */,
				CFEFFDB822BAEE57003CC2A0 /* CategoryHeader */,
				CFEFFD9222BAEDF2003CC2A0 /* ProductsViewController.swift */,
			);
			path = View;
			sourceTree = "<group>";
		};
		CFEFFD9422BAEDF2003CC2A0 /* ProductGrid */ = {
			isa = PBXGroup;
			children = (
				CFEFFD9522BAEDF2003CC2A0 /* ProductsGridTableViewCell.swift */,
				CFEFFD9622BAEDF2003CC2A0 /* ProductCollectionViewCell.swift */,
				CFEFFDC222BAF298003CC2A0 /* ProductsGridSuplimentaryView.swift */,
			);
			path = ProductGrid;
			sourceTree = "<group>";
		};
		CFEFFD9722BAEDF2003CC2A0 /* CollapsableHeader */ = {
			isa = PBXGroup;
			children = (
				CFEFFD9822BAEDF2003CC2A0 /* CollapsibleTableViewHeader.xib */,
				CFEFFD9922BAEDF2003CC2A0 /* CollapsibleTableViewHeader.swift */,
			);
			path = CollapsableHeader;
			sourceTree = "<group>";
		};
		CFEFFD9A22BAEDF2003CC2A0 /* BestSeller */ = {
			isa = PBXGroup;
			children = (
				CFEFFD9B22BAEDF2003CC2A0 /* BestSellersTableViewCell.swift */,
				CFEFFDA022BAEDF2003CC2A0 /* BestSellerTableViewSectionHeader.swift */,
				CFEFFD9C22BAEDF2003CC2A0 /* BestSellerTableViewSectionHeader.xib */,
				CFEFFD9D22BAEDF2003CC2A0 /* BestSellerItemTableViewCell.swift */,
				CFEFFDA122BAEDF2003CC2A0 /* BestSellerItemTableViewCell.xib */,
				CFEFFD9F22BAEDF2003CC2A0 /* BestSellersTableView.swift */,
				CFEFFD9E22BAEDF2003CC2A0 /* BestSellersTableView.xib */,
			);
			path = BestSeller;
			sourceTree = "<group>";
		};
		CFEFFDA222BAEDF2003CC2A0 /* Worker */ = {
			isa = PBXGroup;
			children = (
				CFEFFDA322BAEDF2003CC2A0 /* ProductDataWorker.swift */,
			);
			path = Worker;
			sourceTree = "<group>";
		};
		CFEFFDB822BAEE57003CC2A0 /* CategoryHeader */ = {
			isa = PBXGroup;
			children = (
				CFEFFDB922BAEE57003CC2A0 /* CategoryHeader.swift */,
				CFEFFDBA22BAEE57003CC2A0 /* CategoryHeader.xib */,
			);
			path = CategoryHeader;
			sourceTree = "<group>";
		};
		CFEFFDBD22BAEEFE003CC2A0 /* Resources */ = {
			isa = PBXGroup;
			children = (
				CFEFFDBE22BAEEFE003CC2A0 /* Categories.plist */,
			);
			path = Resources;
			sourceTree = "<group>";
		};
		CFFF79D522DCBDE100093464 /* ProductDetails */ = {
			isa = PBXGroup;
			children = (
				CFFF79DE22DCC7F900093464 /* Resources */,
				CFFF79D622DCBE0600093464 /* Entity */,
				CFFF79D722DCBE0600093464 /* View */,
				CFFF79D822DCBE0600093464 /* ViewModel */,
				CFFF79D922DCBE0600093464 /* Worker */,
			);
			path = ProductDetails;
			sourceTree = "<group>";
		};
		CFFF79D622DCBE0600093464 /* Entity */ = {
			isa = PBXGroup;
			children = (
				CFFF79DC22DCBE9200093464 /* ProductDetails.swift */,
				CFFF79E722DCCE8F00093464 /* ProductReview.swift */,
				CFFF7A0422DE279900093464 /* RelatedProductItem.swift */,
			);
			path = Entity;
			sourceTree = "<group>";
		};
		CFFF79D722DCBE0600093464 /* View */ = {
			isa = PBXGroup;
			children = (
				CFFF79DA22DCBE4C00093464 /* ProductDetailsViewController.swift */,
				CFFF79E122DCCD7400093464 /* ProductReviewsTableViewCell.swift */,
				CFFF79ED22DCEDFD00093464 /* ProductReviewView.swift */,
				CFFF79EF22DCEE0C00093464 /* ProductReviewView.xib */,
				CFFF79E322DCCD9A00093464 /* RelatedProductsContainerTableViewCell.swift */,
				CFFF7A0022DE235900093464 /* RelatedProductCollectionViewCell.swift */,
				CF19F45722DEC6A800D60C21 /* ProductDetailsSectionHeader.swift */,
				CF19F45922DEC6C600D60C21 /* ProductDetailsSectionHeader.xib */,
			);
			path = View;
			sourceTree = "<group>";
		};
		CFFF79D822DCBE0600093464 /* ViewModel */ = {
			isa = PBXGroup;
			children = (
				CFFF79E522DCCE0600093464 /* ProductDetailsViewModel.swift */,
			);
			path = ViewModel;
			sourceTree = "<group>";
		};
		CFFF79D922DCBE0600093464 /* Worker */ = {
			isa = PBXGroup;
			children = (
				CFFF79E922DCD03400093464 /* ProductDetailsDataWorker.swift */,
			);
			path = Worker;
			sourceTree = "<group>";
		};
		CFFF79DE22DCC7F900093464 /* Resources */ = {
			isa = PBXGroup;
			children = (
				CFFF79FC22DE19A800093464 /* ProductReviews.plist */,
				CFFF79DF22DCC81500093464 /* RelatedProducts.plist */,
			);
			path = Resources;
			sourceTree = "<group>";
		};
/* End PBXGroup section */

/* Begin PBXNativeTarget section */
		CF439C3A2320413400317FE8 /* AwesomeShoppingTests */ = {
			isa = PBXNativeTarget;
			buildConfigurationList = CF439C442320413400317FE8 /* Build configuration list for PBXNativeTarget "AwesomeShoppingTests" */;
			buildPhases = (
				CF439C372320413400317FE8 /* Sources */,
				CF439C382320413400317FE8 /* Frameworks */,
				CF439C392320413400317FE8 /* Resources */,
			);
			buildRules = (
			);
			dependencies = (
				CF439C412320413400317FE8 /* PBXTargetDependency */,
			);
			name = AwesomeShoppingTests;
			productName = AwesomeShoppingTests;
			productReference = CF439C3B2320413400317FE8 /* AwesomeShoppingTests.xctest */;
			productType = "com.apple.product-type.bundle.unit-test";
		};
		CF5EA2C522A2FA5700E5FE30 /* AwesomeShopping */ = {
			isa = PBXNativeTarget;
			buildConfigurationList = CF5EA2D822A2FA5800E5FE30 /* Build configuration list for PBXNativeTarget "AwesomeShopping" */;
			buildPhases = (
				89FFF736029E34D980A37F22 /* [CP] Check Pods Manifest.lock */,
				CF5EA2C222A2FA5700E5FE30 /* Sources */,
				CF5EA2C322A2FA5700E5FE30 /* Frameworks */,
				CF5EA2C422A2FA5700E5FE30 /* Resources */,
				80D40DDC2317D7F6649783FF /* [CP] Embed Pods Frameworks */,
			);
			buildRules = (
			);
			dependencies = (
			);
			name = AwesomeShopping;
			productName = AwesomeShopping;
			productReference = CF5EA2C622A2FA5700E5FE30 /* AwesomeShopping.app */;
			productType = "com.apple.product-type.application";
		};
/* End PBXNativeTarget section */

/* Begin PBXProject section */
		CF5EA2BE22A2FA5700E5FE30 /* Project object */ = {
			isa = PBXProject;
			attributes = {
				LastSwiftUpdateCheck = 1010;
				LastUpgradeCheck = 1010;
				ORGANIZATIONNAME = "Mustafa Saify";
				TargetAttributes = {
					CF439C3A2320413400317FE8 = {
						CreatedOnToolsVersion = 10.1;
						TestTargetID = CF5EA2C522A2FA5700E5FE30;
					};
					CF5EA2C522A2FA5700E5FE30 = {
						CreatedOnToolsVersion = 10.1;
					};
				};
			};
			buildConfigurationList = CF5EA2C122A2FA5700E5FE30 /* Build configuration list for PBXProject "AwesomeShopping" */;
			compatibilityVersion = "Xcode 9.3";
			developmentRegion = en;
			hasScannedForEncodings = 0;
			knownRegions = (
				en,
				Base,
			);
			mainGroup = CF5EA2BD22A2FA5600E5FE30;
			productRefGroup = CF5EA2C722A2FA5700E5FE30 /* Products */;
			projectDirPath = "";
			projectRoot = "";
			targets = (
				CF5EA2C522A2FA5700E5FE30 /* AwesomeShopping */,
				CF439C3A2320413400317FE8 /* AwesomeShoppingTests */,
			);
		};
/* End PBXProject section */

/* Begin PBXResourcesBuildPhase section */
		CF439C392320413400317FE8 /* Resources */ = {
			isa = PBXResourcesBuildPhase;
			buildActionMask = 2147483647;
			files = (
			);
			runOnlyForDeploymentPostprocessing = 0;
		};
		CF5EA2C422A2FA5700E5FE30 /* Resources */ = {
			isa = PBXResourcesBuildPhase;
			buildActionMask = 2147483647;
			files = (
				CFFF79FD22DE19A800093464 /* ProductReviews.plist in Resources */,
				CF5EA2D422A2FA5800E5FE30 /* LaunchScreen.storyboard in Resources */,
				CF5EA2D122A2FA5800E5FE30 /* Assets.xcassets in Resources */,
				CFEFFDA922BAEDF2003CC2A0 /* BestSellers.plist in Resources */,
				CFFF79E022DCC81500093464 /* RelatedProducts.plist in Resources */,
				CF19F45A22DEC6C600D60C21 /* ProductDetailsSectionHeader.xib in Resources */,
				CFEFFDB322BAEDF2003CC2A0 /* BestSellersTableView.xib in Resources */,
				CFEFFDBF22BAEEFE003CC2A0 /* Categories.plist in Resources */,
				CFEFFDAE22BAEDF2003CC2A0 /* CollapsibleTableViewHeader.xib in Resources */,
				CFEFFDB622BAEDF2003CC2A0 /* BestSellerItemTableViewCell.xib in Resources */,
				CFEFFDB122BAEDF2003CC2A0 /* BestSellerTableViewSectionHeader.xib in Resources */,
				CFFF79F022DCEE0C00093464 /* ProductReviewView.xib in Resources */,
				CF5EA2CF22A2FA5700E5FE30 /* Home.storyboard in Resources */,
				CFEFFDA822BAEDF2003CC2A0 /* SectionItems.plist in Resources */,
				CFEFFDBC22BAEE57003CC2A0 /* CategoryHeader.xib in Resources */,
			);
			runOnlyForDeploymentPostprocessing = 0;
		};
/* End PBXResourcesBuildPhase section */

/* Begin PBXShellScriptBuildPhase section */
		80D40DDC2317D7F6649783FF /* [CP] Embed Pods Frameworks */ = {
			isa = PBXShellScriptBuildPhase;
			buildActionMask = 2147483647;
			files = (
			);
			inputFileListPaths = (
			);
			inputPaths = (
				"${SRCROOT}/Pods/Target Support Files/Pods-AwesomeShopping/Pods-AwesomeShopping-frameworks.sh",
				"${BUILT_PRODUCTS_DIR}/iCarousel/iCarousel.framework",
			);
			name = "[CP] Embed Pods Frameworks";
			outputFileListPaths = (
			);
			outputPaths = (
				"${TARGET_BUILD_DIR}/${FRAMEWORKS_FOLDER_PATH}/iCarousel.framework",
			);
			runOnlyForDeploymentPostprocessing = 0;
			shellPath = /bin/sh;
			shellScript = "\"${SRCROOT}/Pods/Target Support Files/Pods-AwesomeShopping/Pods-AwesomeShopping-frameworks.sh\"\n";
			showEnvVarsInLog = 0;
		};
		89FFF736029E34D980A37F22 /* [CP] Check Pods Manifest.lock */ = {
			isa = PBXShellScriptBuildPhase;
			buildActionMask = 2147483647;
			files = (
			);
			inputFileListPaths = (
			);
			inputPaths = (
				"${PODS_PODFILE_DIR_PATH}/Podfile.lock",
				"${PODS_ROOT}/Manifest.lock",
			);
			name = "[CP] Check Pods Manifest.lock";
			outputFileListPaths = (
			);
			outputPaths = (
				"$(DERIVED_FILE_DIR)/Pods-AwesomeShopping-checkManifestLockResult.txt",
			);
			runOnlyForDeploymentPostprocessing = 0;
			shellPath = /bin/sh;
			shellScript = "diff \"${PODS_PODFILE_DIR_PATH}/Podfile.lock\" \"${PODS_ROOT}/Manifest.lock\" > /dev/null\nif [ $? != 0 ] ; then\n    # print error to STDERR\n    echo \"error: The sandbox is not in sync with the Podfile.lock. Run 'pod install' or update your CocoaPods installation.\" >&2\n    exit 1\nfi\n# This output is used by Xcode 'outputs' to avoid re-running this script phase.\necho \"SUCCESS\" > \"${SCRIPT_OUTPUT_FILE_0}\"\n";
			showEnvVarsInLog = 0;
		};
/* End PBXShellScriptBuildPhase section */

/* Begin PBXSourcesBuildPhase section */
		CF439C372320413400317FE8 /* Sources */ = {
			isa = PBXSourcesBuildPhase;
			buildActionMask = 2147483647;
			files = (
				CF439C3E2320413400317FE8 /* AwesomeShoppingTests.swift in Sources */,
			);
			runOnlyForDeploymentPostprocessing = 0;
		};
		CF5EA2C222A2FA5700E5FE30 /* Sources */ = {
			isa = PBXSourcesBuildPhase;
			buildActionMask = 2147483647;
			files = (
				CFEFFDC422BAF298003CC2A0 /* ProductsGridSuplimentaryView.swift in Sources */,
				CFFF79E222DCCD7400093464 /* ProductReviewsTableViewCell.swift in Sources */,
				CFEFFDBB22BAEE57003CC2A0 /* CategoryHeader.swift in Sources */,
				CFEFFDB722BAEDF2003CC2A0 /* ProductDataWorker.swift in Sources */,
				CFEFFDB222BAEDF2003CC2A0 /* BestSellerItemTableViewCell.swift in Sources */,
				CFEFFDB022BAEDF2003CC2A0 /* BestSellersTableViewCell.swift in Sources */,
				CFFF7A0122DE235900093464 /* RelatedProductCollectionViewCell.swift in Sources */,
				CFEFFDB422BAEDF2003CC2A0 /* BestSellersTableView.swift in Sources */,
				CFEFFDA722BAEDF2003CC2A0 /* Section.swift in Sources */,
				CFFF79DB22DCBE4C00093464 /* ProductDetailsViewController.swift in Sources */,
				CF19F45822DEC6A800D60C21 /* ProductDetailsSectionHeader.swift in Sources */,
				CFEFFDC122BAF144003CC2A0 /* Reusable.swift in Sources */,
				CFFF79DD22DCBE9200093464 /* ProductDetails.swift in Sources */,
				CFFF79E622DCCE0600093464 /* ProductDetailsViewModel.swift in Sources */,
				CFEFFDA622BAEDF2003CC2A0 /* SectionProduct.swift in Sources */,
				CF0A168E22BA4061006E6CED /* UITableView+Deque.swift in Sources */,
				CF146FF122B9388E006821A2 /* HomeViewController.swift in Sources */,
				CF5EA2CC22A2FA5700E5FE30 /* ViewController.swift in Sources */,
				CF19F45C22DEDA8B00D60C21 /* UIView+Extension.swift in Sources */,
				CF5EA2CA22A2FA5700E5FE30 /* AppDelegate.swift in Sources */,
				CFEFFDB522BAEDF2003CC2A0 /* BestSellerTableViewSectionHeader.swift in Sources */,
				CFFF79E822DCCE8F00093464 /* ProductReview.swift in Sources */,
				CFEFFDAA22BAEDF2003CC2A0 /* ProductsViewController.swift in Sources */,
				CF146FEA22B92599006821A2 /* CategoryDataWorker.swift in Sources */,
				CFEFFDA522BAEDF2003CC2A0 /* BestSeller.swift in Sources */,
				CF146FE922B92599006821A2 /* CategoryTableViewCell.swift in Sources */,
				CFEFFDAF22BAEDF2003CC2A0 /* CollapsibleTableViewHeader.swift in Sources */,
				CFFF7A0522DE279900093464 /* RelatedProductItem.swift in Sources */,
				CFFF79EE22DCEDFD00093464 /* ProductReviewView.swift in Sources */,
				CF146FE622B92599006821A2 /* CategoriesViewModel.swift in Sources */,
				CFEFFD6422BA8AEB003CC2A0 /* UICollectionView+Deque.swift in Sources */,
				CFEFFDA422BAEDF2003CC2A0 /* ProductListViewModel.swift in Sources */,
				CFEFFDAC22BAEDF2003CC2A0 /* ProductsGridTableViewCell.swift in Sources */,
				CFFF79EA22DCD03400093464 /* ProductDetailsDataWorker.swift in Sources */,
				CFEFFDAD22BAEDF2003CC2A0 /* ProductCollectionViewCell.swift in Sources */,
				CF146FE722B92599006821A2 /* Category.swift in Sources */,
				CF146FF522B93DDC006821A2 /* UIViewController+Extension.swift in Sources */,
				CF146FE822B92599006821A2 /* CategoriesViewController.swift in Sources */,
				CF19F45622DEB67900D60C21 /* PinterestLayout.swift in Sources */,
				CFFF79E422DCCD9A00093464 /* RelatedProductsContainerTableViewCell.swift in Sources */,
			);
			runOnlyForDeploymentPostprocessing = 0;
		};
/* End PBXSourcesBuildPhase section */

/* Begin PBXTargetDependency section */
		CF439C412320413400317FE8 /* PBXTargetDependency */ = {
			isa = PBXTargetDependency;
			target = CF5EA2C522A2FA5700E5FE30 /* AwesomeShopping */;
			targetProxy = CF439C402320413400317FE8 /* PBXContainerItemProxy */;
		};
/* End PBXTargetDependency section */

/* Begin PBXVariantGroup section */
		CF5EA2CD22A2FA5700E5FE30 /* Home.storyboard */ = {
			isa = PBXVariantGroup;
			children = (
				CF5EA2CE22A2FA5700E5FE30 /* Base */,
			);
			name = Home.storyboard;
			sourceTree = "<group>";
		};
		CF5EA2D222A2FA5800E5FE30 /* LaunchScreen.storyboard */ = {
			isa = PBXVariantGroup;
			children = (
				CF5EA2D322A2FA5800E5FE30 /* Base */,
			);
			name = LaunchScreen.storyboard;
			sourceTree = "<group>";
		};
/* End PBXVariantGroup section */

/* Begin XCBuildConfiguration section */
		CF439C422320413400317FE8 /* Debug */ = {
			isa = XCBuildConfiguration;
			buildSettings = {
				BUNDLE_LOADER = "$(TEST_HOST)";
				CODE_SIGN_STYLE = Automatic;
				INFOPLIST_FILE = AwesomeShoppingTests/Info.plist;
				LD_RUNPATH_SEARCH_PATHS = (
					"$(inherited)",
					"@executable_path/Frameworks",
					"@loader_path/Frameworks",
				);
				PRODUCT_BUNDLE_IDENTIFIER = "Mustafa-Saify.AwesomeShoppingTests";
				PRODUCT_NAME = "$(TARGET_NAME)";
				SWIFT_VERSION = 4.2;
				TARGETED_DEVICE_FAMILY = "1,2";
				TEST_HOST = "$(BUILT_PRODUCTS_DIR)/AwesomeShopping.app/AwesomeShopping";
			};
			name = Debug;
		};
		CF439C432320413400317FE8 /* Release */ = {
			isa = XCBuildConfiguration;
			buildSettings = {
				BUNDLE_LOADER = "$(TEST_HOST)";
				CODE_SIGN_STYLE = Automatic;
				INFOPLIST_FILE = AwesomeShoppingTests/Info.plist;
				LD_RUNPATH_SEARCH_PATHS = (
					"$(inherited)",
					"@executable_path/Frameworks",
					"@loader_path/Frameworks",
				);
				PRODUCT_BUNDLE_IDENTIFIER = "Mustafa-Saify.AwesomeShoppingTests";
				PRODUCT_NAME = "$(TARGET_NAME)";
				SWIFT_VERSION = 4.2;
				TARGETED_DEVICE_FAMILY = "1,2";
				TEST_HOST = "$(BUILT_PRODUCTS_DIR)/AwesomeShopping.app/AwesomeShopping";
			};
			name = Release;
		};
		CF5EA2D622A2FA5800E5FE30 /* Debug */ = {
			isa = XCBuildConfiguration;
			buildSettings = {
				ALWAYS_SEARCH_USER_PATHS = NO;
				CLANG_ANALYZER_NONNULL = YES;
				CLANG_ANALYZER_NUMBER_OBJECT_CONVERSION = YES_AGGRESSIVE;
				CLANG_CXX_LANGUAGE_STANDARD = "gnu++14";
				CLANG_CXX_LIBRARY = "libc++";
				CLANG_ENABLE_MODULES = YES;
				CLANG_ENABLE_OBJC_ARC = YES;
				CLANG_ENABLE_OBJC_WEAK = YES;
				CLANG_WARN_BLOCK_CAPTURE_AUTORELEASING = YES;
				CLANG_WARN_BOOL_CONVERSION = YES;
				CLANG_WARN_COMMA = YES;
				CLANG_WARN_CONSTANT_CONVERSION = YES;
				CLANG_WARN_DEPRECATED_OBJC_IMPLEMENTATIONS = YES;
				CLANG_WARN_DIRECT_OBJC_ISA_USAGE = YES_ERROR;
				CLANG_WARN_DOCUMENTATION_COMMENTS = YES;
				CLANG_WARN_EMPTY_BODY = YES;
				CLANG_WARN_ENUM_CONVERSION = YES;
				CLANG_WARN_INFINITE_RECURSION = YES;
				CLANG_WARN_INT_CONVERSION = YES;
				CLANG_WARN_NON_LITERAL_NULL_CONVERSION = YES;
				CLANG_WARN_OBJC_IMPLICIT_RETAIN_SELF = YES;
				CLANG_WARN_OBJC_LITERAL_CONVERSION = YES;
				CLANG_WARN_OBJC_ROOT_CLASS = YES_ERROR;
				CLANG_WARN_RANGE_LOOP_ANALYSIS = YES;
				CLANG_WARN_STRICT_PROTOTYPES = YES;
				CLANG_WARN_SUSPICIOUS_MOVE = YES;
				CLANG_WARN_UNGUARDED_AVAILABILITY = YES_AGGRESSIVE;
				CLANG_WARN_UNREACHABLE_CODE = YES;
				CLANG_WARN__DUPLICATE_METHOD_MATCH = YES;
				CODE_SIGN_IDENTITY = "iPhone Developer";
				COPY_PHASE_STRIP = NO;
				DEBUG_INFORMATION_FORMAT = dwarf;
				ENABLE_STRICT_OBJC_MSGSEND = YES;
				ENABLE_TESTABILITY = YES;
				GCC_C_LANGUAGE_STANDARD = gnu11;
				GCC_DYNAMIC_NO_PIC = NO;
				GCC_NO_COMMON_BLOCKS = YES;
				GCC_OPTIMIZATION_LEVEL = 0;
				GCC_PREPROCESSOR_DEFINITIONS = (
					"DEBUG=1",
					"$(inherited)",
				);
				GCC_WARN_64_TO_32_BIT_CONVERSION = YES;
				GCC_WARN_ABOUT_RETURN_TYPE = YES_ERROR;
				GCC_WARN_UNDECLARED_SELECTOR = YES;
				GCC_WARN_UNINITIALIZED_AUTOS = YES_AGGRESSIVE;
				GCC_WARN_UNUSED_FUNCTION = YES;
				GCC_WARN_UNUSED_VARIABLE = YES;
				IPHONEOS_DEPLOYMENT_TARGET = 12.1;
				MTL_ENABLE_DEBUG_INFO = INCLUDE_SOURCE;
				MTL_FAST_MATH = YES;
				ONLY_ACTIVE_ARCH = YES;
				SDKROOT = iphoneos;
				SWIFT_ACTIVE_COMPILATION_CONDITIONS = DEBUG;
				SWIFT_OPTIMIZATION_LEVEL = "-Onone";
			};
			name = Debug;
		};
		CF5EA2D722A2FA5800E5FE30 /* Release */ = {
			isa = XCBuildConfiguration;
			buildSettings = {
				ALWAYS_SEARCH_USER_PATHS = NO;
				CLANG_ANALYZER_NONNULL = YES;
				CLANG_ANALYZER_NUMBER_OBJECT_CONVERSION = YES_AGGRESSIVE;
				CLANG_CXX_LANGUAGE_STANDARD = "gnu++14";
				CLANG_CXX_LIBRARY = "libc++";
				CLANG_ENABLE_MODULES = YES;
				CLANG_ENABLE_OBJC_ARC = YES;
				CLANG_ENABLE_OBJC_WEAK = YES;
				CLANG_WARN_BLOCK_CAPTURE_AUTORELEASING = YES;
				CLANG_WARN_BOOL_CONVERSION = YES;
				CLANG_WARN_COMMA = YES;
				CLANG_WARN_CONSTANT_CONVERSION = YES;
				CLANG_WARN_DEPRECATED_OBJC_IMPLEMENTATIONS = YES;
				CLANG_WARN_DIRECT_OBJC_ISA_USAGE = YES_ERROR;
				CLANG_WARN_DOCUMENTATION_COMMENTS = YES;
				CLANG_WARN_EMPTY_BODY = YES;
				CLANG_WARN_ENUM_CONVERSION = YES;
				CLANG_WARN_INFINITE_RECURSION = YES;
				CLANG_WARN_INT_CONVERSION = YES;
				CLANG_WARN_NON_LITERAL_NULL_CONVERSION = YES;
				CLANG_WARN_OBJC_IMPLICIT_RETAIN_SELF = YES;
				CLANG_WARN_OBJC_LITERAL_CONVERSION = YES;
				CLANG_WARN_OBJC_ROOT_CLASS = YES_ERROR;
				CLANG_WARN_RANGE_LOOP_ANALYSIS = YES;
				CLANG_WARN_STRICT_PROTOTYPES = YES;
				CLANG_WARN_SUSPICIOUS_MOVE = YES;
				CLANG_WARN_UNGUARDED_AVAILABILITY = YES_AGGRESSIVE;
				CLANG_WARN_UNREACHABLE_CODE = YES;
				CLANG_WARN__DUPLICATE_METHOD_MATCH = YES;
				CODE_SIGN_IDENTITY = "iPhone Developer";
				COPY_PHASE_STRIP = NO;
				DEBUG_INFORMATION_FORMAT = "dwarf-with-dsym";
				ENABLE_NS_ASSERTIONS = NO;
				ENABLE_STRICT_OBJC_MSGSEND = YES;
				GCC_C_LANGUAGE_STANDARD = gnu11;
				GCC_NO_COMMON_BLOCKS = YES;
				GCC_WARN_64_TO_32_BIT_CONVERSION = YES;
				GCC_WARN_ABOUT_RETURN_TYPE = YES_ERROR;
				GCC_WARN_UNDECLARED_SELECTOR = YES;
				GCC_WARN_UNINITIALIZED_AUTOS = YES_AGGRESSIVE;
				GCC_WARN_UNUSED_FUNCTION = YES;
				GCC_WARN_UNUSED_VARIABLE = YES;
				IPHONEOS_DEPLOYMENT_TARGET = 12.1;
				MTL_ENABLE_DEBUG_INFO = NO;
				MTL_FAST_MATH = YES;
				SDKROOT = iphoneos;
				SWIFT_COMPILATION_MODE = wholemodule;
				SWIFT_OPTIMIZATION_LEVEL = "-O";
				VALIDATE_PRODUCT = YES;
			};
			name = Release;
		};
		CF5EA2D922A2FA5800E5FE30 /* Debug */ = {
			isa = XCBuildConfiguration;
			baseConfigurationReference = 0AD0D4CD44B65261D23916D5 /* Pods-AwesomeShopping.debug.xcconfig */;
			buildSettings = {
				ASSETCATALOG_COMPILER_APPICON_NAME = AppIcon;
				CODE_SIGN_STYLE = Automatic;
				INFOPLIST_FILE = AwesomeShopping/Info.plist;
				LD_RUNPATH_SEARCH_PATHS = (
					"$(inherited)",
					"@executable_path/Frameworks",
				);
				PRODUCT_BUNDLE_IDENTIFIER = "Mustafa-Saify.AwesomeShopping";
				PRODUCT_NAME = "$(TARGET_NAME)";
				SWIFT_VERSION = 4.2;
				TARGETED_DEVICE_FAMILY = "1,2";
			};
			name = Debug;
		};
		CF5EA2DA22A2FA5800E5FE30 /* Release */ = {
			isa = XCBuildConfiguration;
			baseConfigurationReference = 5881638DF281375830735C28 /* Pods-AwesomeShopping.release.xcconfig */;
			buildSettings = {
				ASSETCATALOG_COMPILER_APPICON_NAME = AppIcon;
				CODE_SIGN_STYLE = Automatic;
				INFOPLIST_FILE = AwesomeShopping/Info.plist;
				LD_RUNPATH_SEARCH_PATHS = (
					"$(inherited)",
					"@executable_path/Frameworks",
				);
				PRODUCT_BUNDLE_IDENTIFIER = "Mustafa-Saify.AwesomeShopping";
				PRODUCT_NAME = "$(TARGET_NAME)";
				SWIFT_VERSION = 4.2;
				TARGETED_DEVICE_FAMILY = "1,2";
			};
			name = Release;
		};
/* End XCBuildConfiguration section */

/* Begin XCConfigurationList section */
		CF439C442320413400317FE8 /* Build configuration list for PBXNativeTarget "AwesomeShoppingTests" */ = {
			isa = XCConfigurationList;
			buildConfigurations = (
				CF439C422320413400317FE8 /* Debug */,
				CF439C432320413400317FE8 /* Release */,
			);
			defaultConfigurationIsVisible = 0;
			defaultConfigurationName = Release;
		};
		CF5EA2C122A2FA5700E5FE30 /* Build configuration list for PBXProject "AwesomeShopping" */ = {
			isa = XCConfigurationList;
			buildConfigurations = (
				CF5EA2D622A2FA5800E5FE30 /* Debug */,
				CF5EA2D722A2FA5800E5FE30 /* Release */,
			);
			defaultConfigurationIsVisible = 0;
			defaultConfigurationName = Release;
		};
		CF5EA2D822A2FA5800E5FE30 /* Build configuration list for PBXNativeTarget "AwesomeShopping" */ = {
			isa = XCConfigurationList;
			buildConfigurations = (
				CF5EA2D922A2FA5800E5FE30 /* Debug */,
				CF5EA2DA22A2FA5800E5FE30 /* Release */,
			);
			defaultConfigurationIsVisible = 0;
			defaultConfigurationName = Release;
		};
/* End XCConfigurationList section */
	};
	rootObject = CF5EA2BE22A2FA5700E5FE30 /* Project object */;
}
